
Microsoft Visual Studio Solution File, Format Version 12.00
# Visual Studio Version 17
VisualStudioVersion = 17.8.34330.188
MinimumVisualStudioVersion = 10.0.40219.1
Project("{9A19103F-16F7-4668-BE54-9A1E7A4F7556}") = "IdentityWebApi", "IdentityWebApi.csproj", "{FF0E2FB5-363F-456A-A2D7-A48A6A6AF9C1}"
EndProject
Project("{9A19103F-16F7-4668-BE54-9A1E7A4F7556}") = "EntityORM", "..\EntityORM\EntityORM.csproj", "{FE7239B9-FE31-46B2-80EE-23EEB6DC6C50}"
EndProject
Global
	GlobalSection(SolutionConfigurationPlatforms) = preSolution
		Debug|Any CPU = Debug|Any CPU
		Release|Any CPU = Release|Any CPU
	EndGlobalSection
	GlobalSection(ProjectConfigurationPlatforms) = postSolution
		{FF0E2FB5-363F-456A-A2D7-A48A6A6AF9C1}.Debug|Any CPU.ActiveCfg = Debug|Any CPU
		{FF0E2FB5-363F-456A-A2D7-A48A6A6AF9C1}.Debug|Any CPU.Build.0 = Debug|Any CPU
		{FF0E2FB5-363F-456A-A2D7-A48A6A6AF9C1}.Release|Any CPU.ActiveCfg = Release|Any CPU
		{FF0E2FB5-363F-456A-A2D7-A48A6A6AF9C1}.Release|Any CPU.Build.0 = Release|Any CPU
		{FE7239B9-FE31-46B2-80EE-23EEB6DC6C50}.Debug|Any CPU.ActiveCfg = Debug|Any CPU
		{FE7239B9-FE31-46B2-80EE-23EEB6DC6C50}.Debug|Any CPU.Build.0 = Debug|Any CPU
		{FE7239B9-FE31-46B2-80EE-23EEB6DC6C50}.Release|Any CPU.ActiveCfg = Release|Any CPU
		{FE7239B9-FE31-46B2-80EE-23EEB6DC6C50}.Release|Any CPU.Build.0 = Release|Any CPU
	EndGlobalSection
	GlobalSection(SolutionProperties) = preSolution
		HideSolutionNode = FALSE
	EndGlobalSection
	GlobalSection(ExtensibilityGlobals) = postSolution
		SolutionGuid = {5BE69739-CCB5-44C8-84AF-729F94276EE0}
	EndGlobalSection
EndGlobal
